{
  "name": "livepilot",
  "version": "1.9.2",
  "lockfileVersion": 3,
  "requires": true,
  "packages": {
    "": {
      "name": "livepilot",
      "version": "1.9.2",
      "license": "MIT",
      "bin": {
        "livepilot": "bin/livepilot.js"
      },
      "engines": {
        "node": ">=18.0.0"
      }
    }
  }
}
